
Microsoft Visual Studio Solution File, Format Version 12.00
# Visual Studio 15
Project("{FAE04EC0-301F-11D3-BF4B-00C04F79EFBC}") = "Assembly-CSharp", "Assembly-CSharp.csproj", "{0F1A692A-1D3A-3B62-CC9E-EA29AD01313C}"
EndProject
Project("{FAE04EC0-301F-11D3-BF4B-00C04F79EFBC}") = "Assembly-CSharp-Editor", "Assembly-CSharp-Editor.csproj", "{A7173B8E-4991-4846-F767-2964E2C0551C}"
EndProject
Global
	GlobalSection(SolutionConfigurationPlatforms) = preSolution
		Debug|Any CPU = Debug|Any CPU
		Release|Any CPU = Release|Any CPU
	EndGlobalSection
	GlobalSection(ProjectConfigurationPlatforms) = postSolution
		{0F1A692A-1D3A-3B62-CC9E-EA29AD01313C}.Debug|Any CPU.ActiveCfg = Debug|Any CPU
		{0F1A692A-1D3A-3B62-CC9E-EA29AD01313C}.Debug|Any CPU.Build.0 = Debug|Any CPU
		{0F1A692A-1D3A-3B62-CC9E-EA29AD01313C}.Release|Any CPU.ActiveCfg = Release|Any CPU
		{0F1A692A-1D3A-3B62-CC9E-EA29AD01313C}.Release|Any CPU.Build.0 = Release|Any CPU
		{A7173B8E-4991-4846-F767-2964E2C0551C}.Debug|Any CPU.ActiveCfg = Debug|Any CPU
		{A7173B8E-4991-4846-F767-2964E2C0551C}.Debug|Any CPU.Build.0 = Debug|Any CPU
		{A7173B8E-4991-4846-F767-2964E2C0551C}.Release|Any CPU.ActiveCfg = Release|Any CPU
		{A7173B8E-4991-4846-F767-2964E2C0551C}.Release|Any CPU.Build.0 = Release|Any CPU
	EndGlobalSection
	GlobalSection(SolutionProperties) = preSolution
		HideSolutionNode = FALSE
	EndGlobalSection
EndGlobal
